
Microsoft Visual Studio Solution File, Format Version 12.00
# Visual Studio 2015
Project("{FAE04EC0-301F-11D3-BF4B-00C04F79EFBC}") = "BomberManMultiPlayer", "BomberManMultiPlayer.csproj", "{F765BC34-8FAD-5E5C-2E09-631736A7373E}"
EndProject
Global
	GlobalSection(SolutionConfigurationPlatforms) = preSolution
		Debug|Any CPU = Debug|Any CPU
		Release|Any CPU = Release|Any CPU
	EndGlobalSection
	GlobalSection(ProjectConfigurationPlatforms) = postSolution
		{F765BC34-8FAD-5E5C-2E09-631736A7373E}.Debug|Any CPU.ActiveCfg = Debug|Any CPU
		{F765BC34-8FAD-5E5C-2E09-631736A7373E}.Debug|Any CPU.Build.0 = Debug|Any CPU
		{F765BC34-8FAD-5E5C-2E09-631736A7373E}.Release|Any CPU.ActiveCfg = Release|Any CPU
		{F765BC34-8FAD-5E5C-2E09-631736A7373E}.Release|Any CPU.Build.0 = Release|Any CPU
	EndGlobalSection
	GlobalSection(SolutionProperties) = preSolution
		HideSolutionNode = FALSE
	EndGlobalSection
EndGlobal
